
Microsoft Visual Studio Solution File, Format Version 12.00
# Visual Studio Version 16
VisualStudioVersion = 16.0.31025.194
MinimumVisualStudioVersion = 10.0.40219.1
Project("{FAE04EC0-301F-11D3-BF4B-00C04F79EFBC}") = "BlazorBattles.Server", "BlazorBattles\Server\BlazorBattles.Server.csproj", "{C6B7DE69-B64B-40D7-8550-3F7DFC18E0F9}"
EndProject
Project("{FAE04EC0-301F-11D3-BF4B-00C04F79EFBC}") = "BlazorBattles.Client", "BlazorBattles\Client\BlazorBattles.Client.csproj", "{C82E3211-DCBA-4835-99AE-6A80032926FA}"
EndProject
Project("{FAE04EC0-301F-11D3-BF4B-00C04F79EFBC}") = "BlazorBattles.Shared", "BlazorBattles\Shared\BlazorBattles.Shared.csproj", "{A74C0ACC-6B78-4687-890E-D5053F94A783}"
EndProject
Global
	GlobalSection(SolutionConfigurationPlatforms) = preSolution
		Debug|Any CPU = Debug|Any CPU
		Release|Any CPU = Release|Any CPU
	EndGlobalSection
	GlobalSection(ProjectConfigurationPlatforms) = postSolution
		{C6B7DE69-B64B-40D7-8550-3F7DFC18E0F9}.Debug|Any CPU.ActiveCfg = Debug|Any CPU
		{C6B7DE69-B64B-40D7-8550-3F7DFC18E0F9}.Debug|Any CPU.Build.0 = Debug|Any CPU
		{C6B7DE69-B64B-40D7-8550-3F7DFC18E0F9}.Release|Any CPU.ActiveCfg = Release|Any CPU
		{C6B7DE69-B64B-40D7-8550-3F7DFC18E0F9}.Release|Any CPU.Build.0 = Release|Any CPU
		{C82E3211-DCBA-4835-99AE-6A80032926FA}.Debug|Any CPU.ActiveCfg = Debug|Any CPU
		{C82E3211-DCBA-4835-99AE-6A80032926FA}.Debug|Any CPU.Build.0 = Debug|Any CPU
		{C82E3211-DCBA-4835-99AE-6A80032926FA}.Release|Any CPU.ActiveCfg = Release|Any CPU
		{C82E3211-DCBA-4835-99AE-6A80032926FA}.Release|Any CPU.Build.0 = Release|Any CPU
		{A74C0ACC-6B78-4687-890E-D5053F94A783}.Debug|Any CPU.ActiveCfg = Debug|Any CPU
		{A74C0ACC-6B78-4687-890E-D5053F94A783}.Debug|Any CPU.Build.0 = Debug|Any CPU
		{A74C0ACC-6B78-4687-890E-D5053F94A783}.Release|Any CPU.ActiveCfg = Release|Any CPU
		{A74C0ACC-6B78-4687-890E-D5053F94A783}.Release|Any CPU.Build.0 = Release|Any CPU
	EndGlobalSection
	GlobalSection(SolutionProperties) = preSolution
		HideSolutionNode = FALSE
	EndGlobalSection
	GlobalSection(ExtensibilityGlobals) = postSolution
		SolutionGuid = {9587C22B-FED0-4797-8A59-B79B00BA8DDB}
	EndGlobalSection
EndGlobal
